
Microsoft Visual Studio Solution File, Format Version 12.00
# Visual Studio Version 17
VisualStudioVersion = 17.5.002.0
MinimumVisualStudioVersion = 10.0.40219.1
Project("{9A19103F-16F7-4668-BE54-9A1E7A4F7556}") = "Develop05", "Develop05.csproj", "{916CB7EE-3C2E-490A-B0E6-12B04EAA5586}"
EndProject
Global
	GlobalSection(SolutionConfigurationPlatforms) = preSolution
		Debug|Any CPU = Debug|Any CPU
		Release|Any CPU = Release|Any CPU
	EndGlobalSection
	GlobalSection(ProjectConfigurationPlatforms) = postSolution
		{916CB7EE-3C2E-490A-B0E6-12B04EAA5586}.Debug|Any CPU.ActiveCfg = Debug|Any CPU
		{916CB7EE-3C2E-490A-B0E6-12B04EAA5586}.Debug|Any CPU.Build.0 = Debug|Any CPU
		{916CB7EE-3C2E-490A-B0E6-12B04EAA5586}.Release|Any CPU.ActiveCfg = Release|Any CPU
		{916CB7EE-3C2E-490A-B0E6-12B04EAA5586}.Release|Any CPU.Build.0 = Release|Any CPU
	EndGlobalSection
	GlobalSection(SolutionProperties) = preSolution
		HideSolutionNode = FALSE
	EndGlobalSection
	GlobalSection(ExtensibilityGlobals) = postSolution
		SolutionGuid = {2401518F-8BE6-473D-ABE0-AA4C56588299}
	EndGlobalSection
EndGlobal
